
Microsoft Visual Studio Solution File, Format Version 12.00
# Visual Studio Version 16
VisualStudioVersion = 16.0.29102.190
MinimumVisualStudioVersion = 10.0.40219.1
Project("{9A19103F-16F7-4668-BE54-9A1E7A4F7556}") = "ERP.API", "ERP.API.csproj", "{1DE73396-2D86-4D05-B39E-AB44D5C4FF57}"
EndProject
Global
	GlobalSection(SolutionConfigurationPlatforms) = preSolution
		Debug|Any CPU = Debug|Any CPU
		Release|Any CPU = Release|Any CPU
	EndGlobalSection
	GlobalSection(ProjectConfigurationPlatforms) = postSolution
		{1DE73396-2D86-4D05-B39E-AB44D5C4FF57}.Debug|Any CPU.ActiveCfg = Debug|Any CPU
		{1DE73396-2D86-4D05-B39E-AB44D5C4FF57}.Debug|Any CPU.Build.0 = Debug|Any CPU
		{1DE73396-2D86-4D05-B39E-AB44D5C4FF57}.Release|Any CPU.ActiveCfg = Release|Any CPU
		{1DE73396-2D86-4D05-B39E-AB44D5C4FF57}.Release|Any CPU.Build.0 = Release|Any CPU
	EndGlobalSection
	GlobalSection(SolutionProperties) = preSolution
		HideSolutionNode = FALSE
	EndGlobalSection
	GlobalSection(ExtensibilityGlobals) = postSolution
		SolutionGuid = {72028478-D8E4-43EB-919B-03C59317CC35}
	EndGlobalSection
EndGlobal
